
Microsoft Visual Studio Solution File, Format Version 12.00
# Visual Studio Version 17
VisualStudioVersion = 17.0.31903.59
MinimumVisualStudioVersion = 10.0.40219.1
Project("{FAE04EC0-301F-11D3-BF4B-00C04F79EFBC}") = "LibrarySystem.Domain", "LibrarySystem.Domain\LibrarySystem.Domain.csproj", "{87BD43CD-1BC2-4A3C-A56C-C50408C89795}"
EndProject
Project("{FAE04EC0-301F-11D3-BF4B-00C04F79EFBC}") = "LibrarySystem.Application", "LibrarySystem.Application\LibrarySystem.Application.csproj", "{DF3A2748-EB43-425C-B359-E5EB0DB0EA67}"
EndProject
Project("{FAE04EC0-301F-11D3-BF4B-00C04F79EFBC}") = "LibrarySystem.Http", "LibrarySystem.Api\LibrarySystem.Http.csproj", "{18B52973-016C-4237-BFC7-316963C47B8E}"
EndProject
Project("{FAE04EC0-301F-11D3-BF4B-00C04F79EFBC}") = "LibrarySystem.infrastructure.EFCore", "LibrarySystem.Infrastructure.EFCore\LibrarySystem.infrastructure.EFCore.csproj", "{25C44F67-415B-42B8-9DE0-A0FA95F23E75}"
EndProject
Project("{FAE04EC0-301F-11D3-BF4B-00C04F79EFBC}") = "LibrarySystem.infrastructure", "LibrarySystem.Infrastructure\LibrarySystem.infrastructure.csproj", "{DA58337C-8D69-44C2-A167-72B549A813CF}"
EndProject
Project("{FAE04EC0-301F-11D3-BF4B-00C04F79EFBC}") = "LibrarySystem.Presentation.Api", "LibrarySystem.Presentation.Api\LibrarySystem.Presentation.Api.csproj", "{FC7A46A3-2759-48B1-BF65-83CFC69EE419}"
EndProject
Global
	GlobalSection(SolutionConfigurationPlatforms) = preSolution
		Debug|Any CPU = Debug|Any CPU
		Release|Any CPU = Release|Any CPU
	EndGlobalSection
	GlobalSection(ProjectConfigurationPlatforms) = postSolution
		{87BD43CD-1BC2-4A3C-A56C-C50408C89795}.Debug|Any CPU.ActiveCfg = Debug|Any CPU
		{87BD43CD-1BC2-4A3C-A56C-C50408C89795}.Debug|Any CPU.Build.0 = Debug|Any CPU
		{87BD43CD-1BC2-4A3C-A56C-C50408C89795}.Release|Any CPU.ActiveCfg = Release|Any CPU
		{87BD43CD-1BC2-4A3C-A56C-C50408C89795}.Release|Any CPU.Build.0 = Release|Any CPU
		{DF3A2748-EB43-425C-B359-E5EB0DB0EA67}.Debug|Any CPU.ActiveCfg = Debug|Any CPU
		{DF3A2748-EB43-425C-B359-E5EB0DB0EA67}.Debug|Any CPU.Build.0 = Debug|Any CPU
		{DF3A2748-EB43-425C-B359-E5EB0DB0EA67}.Release|Any CPU.ActiveCfg = Release|Any CPU
		{DF3A2748-EB43-425C-B359-E5EB0DB0EA67}.Release|Any CPU.Build.0 = Release|Any CPU
		{18B52973-016C-4237-BFC7-316963C47B8E}.Debug|Any CPU.ActiveCfg = Debug|Any CPU
		{18B52973-016C-4237-BFC7-316963C47B8E}.Debug|Any CPU.Build.0 = Debug|Any CPU
		{18B52973-016C-4237-BFC7-316963C47B8E}.Release|Any CPU.ActiveCfg = Release|Any CPU
		{18B52973-016C-4237-BFC7-316963C47B8E}.Release|Any CPU.Build.0 = Release|Any CPU
		{25C44F67-415B-42B8-9DE0-A0FA95F23E75}.Debug|Any CPU.ActiveCfg = Debug|Any CPU
		{25C44F67-415B-42B8-9DE0-A0FA95F23E75}.Debug|Any CPU.Build.0 = Debug|Any CPU
		{25C44F67-415B-42B8-9DE0-A0FA95F23E75}.Release|Any CPU.ActiveCfg = Release|Any CPU
		{25C44F67-415B-42B8-9DE0-A0FA95F23E75}.Release|Any CPU.Build.0 = Release|Any CPU
		{DA58337C-8D69-44C2-A167-72B549A813CF}.Debug|Any CPU.ActiveCfg = Debug|Any CPU
		{DA58337C-8D69-44C2-A167-72B549A813CF}.Debug|Any CPU.Build.0 = Debug|Any CPU
		{DA58337C-8D69-44C2-A167-72B549A813CF}.Release|Any CPU.ActiveCfg = Release|Any CPU
		{DA58337C-8D69-44C2-A167-72B549A813CF}.Release|Any CPU.Build.0 = Release|Any CPU
		{FC7A46A3-2759-48B1-BF65-83CFC69EE419}.Debug|Any CPU.ActiveCfg = Debug|Any CPU
		{FC7A46A3-2759-48B1-BF65-83CFC69EE419}.Debug|Any CPU.Build.0 = Debug|Any CPU
		{FC7A46A3-2759-48B1-BF65-83CFC69EE419}.Release|Any CPU.ActiveCfg = Release|Any CPU
		{FC7A46A3-2759-48B1-BF65-83CFC69EE419}.Release|Any CPU.Build.0 = Release|Any CPU
	EndGlobalSection
	GlobalSection(SolutionProperties) = preSolution
		HideSolutionNode = FALSE
	EndGlobalSection
EndGlobal
